// !$*UTF8*$!
{
	archiveVersion = 1;
	classes = {
	};
	objectVersion = 50;
	objects = {

/* Begin PBXBuildFile section */
		2158FB7D26D817C0008AC0A7 /* MainApp.swift in Sources */ = {isa = PBXBuildFile; fileRef = 2158FB7C26D817C0008AC0A7 /* MainApp.swift */; };
		2158FB7F26D817C0008AC0A7 /* ColorView.swift in Sources */ = {isa = PBXBuildFile; fileRef = 2158FB7E26D817C0008AC0A7 /* ColorView.swift */; };
		2158FB8126D817C3008AC0A7 /* Assets.xcassets in Resources */ = {isa = PBXBuildFile; fileRef = 2158FB8026D817C3008AC0A7 /* Assets.xcassets */; };
		2158FB8426D817C3008AC0A7 /* Preview Assets.xcassets in Resources */ = {isa = PBXBuildFile; fileRef = 2158FB8326D817C3008AC0A7 /* Preview Assets.xcassets */; };
		2158FB9326D81A3B008AC0A7 /* ColorVM.swift in Sources */ = {isa = PBXBuildFile; fileRef = 2158FB9226D81A3B008AC0A7 /* ColorVM.swift */; };
/* End PBXBuildFile section */

/* Begin PBXFileReference section */
		2158FB7926D817C0008AC0A7 /* buttonColorChange.app */ = {isa = PBXFileReference; explicitFileType = wrapper.application; includeInIndex = 0; path = buttonColorChange.app; sourceTree = BUILT_PRODUCTS_DIR; };
		2158FB7C26D817C0008AC0A7 /* MainApp.swift */ = {isa = PBXFileReference; lastKnownFileType = sourcecode.swift; path = MainApp.swift; sourceTree = "<group>"; };
		2158FB7E26D817C0008AC0A7 /* ColorView.swift */ = {isa = PBXFileReference; lastKnownFileType = sourcecode.swift; path = ColorView.swift; sourceTree = "<group>"; };
		2158FB8026D817C3008AC0A7 /* Assets.xcassets */ = {isa = PBXFileReference; lastKnownFileType = folder.assetcatalog; path = Assets.xcassets; sourceTree = "<group>"; };
		2158FB8326D817C3008AC0A7 /* Preview Assets.xcassets */ = {isa = PBXFileReference; lastKnownFileType = folder.assetcatalog; path = "Preview Assets.xcassets"; sourceTree = "<group>"; };
		2158FB8526D817C3008AC0A7 /* Info.plist */ = {isa = PBXFileReference; lastKnownFileType = text.plist.xml; path = Info.plist; sourceTree = "<group>"; };
		2158FB9226D81A3B008AC0A7 /* ColorVM.swift */ = {isa = PBXFileReference; lastKnownFileType = sourcecode.swift; path = ColorVM.swift; sourceTree = "<group>"; };
/* End PBXFileReference section */

/* Begin PBXFrameworksBuildPhase section */
		2158FB7626D817C0008AC0A7 /* Frameworks */ = {
			isa = PBXFrameworksBuildPhase;
			buildActionMask = 2147483647;
			files = (
			);
			runOnlyForDeploymentPostprocessing = 0;
		};
/* End PBXFrameworksBuildPhase section */

/* Begin PBXGroup section */
		2158FB7026D817C0008AC0A7 = {
			isa = PBXGroup;
			children = (
				2158FB7B26D817C0008AC0A7 /* buttonColorChange */,
				2158FB7A26D817C0008AC0A7 /* Products */,
			);
			sourceTree = "<group>";
		};
		2158FB7A26D817C0008AC0A7 /* Products */ = {
			isa = PBXGroup;
			children = (
				2158FB7926D817C0008AC0A7 /* buttonColorChange.app */,
			);
			name = Products;
			sourceTree = "<group>";
		};
		2158FB7B26D817C0008AC0A7 /* buttonColorChange */ = {
			isa = PBXGroup;
			children = (
				2158FB8526D817C3008AC0A7 /* Info.plist */,
				2158FB8E26D8185B008AC0A7 /* Application */,
				2158FB8D26D81814008AC0A7 /* View Model */,
				2158FB8B26D81802008AC0A7 /* View */,
				2158FB8226D817C3008AC0A7 /* Preview Content */,
			);
			path = buttonColorChange;
			sourceTree = "<group>";
		};
		2158FB8226D817C3008AC0A7 /* Preview Content */ = {
			isa = PBXGroup;
			children = (
				2158FB8326D817C3008AC0A7 /* Preview Assets.xcassets */,
			);
			path = "Preview Content";
			sourceTree = "<group>";
		};
		2158FB8B26D81802008AC0A7 /* View */ = {
			isa = PBXGroup;
			children = (
				2158FB7E26D817C0008AC0A7 /* ColorView.swift */,
			);
			path = View;
			sourceTree = "<group>";
		};
		2158FB8D26D81814008AC0A7 /* View Model */ = {
			isa = PBXGroup;
			children = (
				2158FB9226D81A3B008AC0A7 /* ColorVM.swift */,
			);
			path = "View Model";
			sourceTree = "<group>";
		};
		2158FB8E26D8185B008AC0A7 /* Application */ = {
			isa = PBXGroup;
			children = (
				2158FB8026D817C3008AC0A7 /* Assets.xcassets */,
				2158FB7C26D817C0008AC0A7 /* MainApp.swift */,
			);
			path = Application;
			sourceTree = "<group>";
		};
/* End PBXGroup section */

/* Begin PBXNativeTarget section */
		2158FB7826D817C0008AC0A7 /* buttonColorChange */ = {
			isa = PBXNativeTarget;
			buildConfigurationList = 2158FB8826D817C3008AC0A7 /* Build configuration list for PBXNativeTarget "buttonColorChange" */;
			buildPhases = (
				2158FB7526D817C0008AC0A7 /* Sources */,
				2158FB7626D817C0008AC0A7 /* Frameworks */,
				2158FB7726D817C0008AC0A7 /* Resources */,
			);
			buildRules = (
			);
			dependencies = (
			);
			name = buttonColorChange;
			productName = buttonColorChange;
			productReference = 2158FB7926D817C0008AC0A7 /* buttonColorChange.app */;
			productType = "com.apple.product-type.application";
		};
/* End PBXNativeTarget section */

/* Begin PBXProject section */
		2158FB7126D817C0008AC0A7 /* Project object */ = {
			isa = PBXProject;
			attributes = {
				LastSwiftUpdateCheck = 1250;
				LastUpgradeCheck = 1250;
				TargetAttributes = {
					2158FB7826D817C0008AC0A7 = {
						CreatedOnToolsVersion = 12.5.1;
					};
				};
			};
			buildConfigurationList = 2158FB7426D817C0008AC0A7 /* Build configuration list for PBXProject "buttonColorChange" */;
			compatibilityVersion = "Xcode 9.3";
			developmentRegion = en;
			hasScannedForEncodings = 0;
			knownRegions = (
				en,
				Base,
			);
			mainGroup = 2158FB7026D817C0008AC0A7;
			productRefGroup = 2158FB7A26D817C0008AC0A7 /* Products */;
			projectDirPath = "";
			projectRoot = "";
			targets = (
				2158FB7826D817C0008AC0A7 /* buttonColorChange */,
			);
		};
/* End PBXProject section */

/* Begin PBXResourcesBuildPhase section */
		2158FB7726D817C0008AC0A7 /* Resources */ = {
			isa = PBXResourcesBuildPhase;
			buildActionMask = 2147483647;
			files = (
				2158FB8426D817C3008AC0A7 /* Preview Assets.xcassets in Resources */,
				2158FB8126D817C3008AC0A7 /* Assets.xcassets in Resources */,
			);
			runOnlyForDeploymentPostprocessing = 0;
		};
/* End PBXResourcesBuildPhase section */

/* Begin PBXSourcesBuildPhase section */
		2158FB7526D817C0008AC0A7 /* Sources */ = {
			isa = PBXSourcesBuildPhase;
			buildActionMask = 2147483647;
			files = (
				2158FB7F26D817C0008AC0A7 /* ColorView.swift in Sources */,
				2158FB7D26D817C0008AC0A7 /* MainApp.swift in Sources */,
				2158FB9326D81A3B008AC0A7 /* ColorVM.swift in Sources */,
			);
			runOnlyForDeploymentPostprocessing = 0;
		};
/* End PBXSourcesBuildPhase section */

/* Begin XCBuildConfiguration section */
		2158FB8626D817C3008AC0A7 /* Debug */ = {
			isa = XCBuildConfiguration;
			buildSettings = {
				ALWAYS_SEARCH_USER_PATHS = NO;
				CLANG_ANALYZER_NONNULL = YES;
				CLANG_ANALYZER_NUMBER_OBJECT_CONVERSION = YES_AGGRESSIVE;
				CLANG_CXX_LANGUAGE_STANDARD = "gnu++14";
				CLANG_CXX_LIBRARY = "libc++";
				CLANG_ENABLE_MODULES = YES;
				CLANG_ENABLE_OBJC_ARC = YES;
				CLANG_ENABLE_OBJC_WEAK = YES;
				CLANG_WARN_BLOCK_CAPTURE_AUTORELEASING = YES;
				CLANG_WARN_BOOL_CONVERSION = YES;
				CLANG_WARN_COMMA = YES;
				CLANG_WARN_CONSTANT_CONVERSION = YES;
				CLANG_WARN_DEPRECATED_OBJC_IMPLEMENTATIONS = YES;
				CLANG_WARN_DIRECT_OBJC_ISA_USAGE = YES_ERROR;
				CLANG_WARN_DOCUMENTATION_COMMENTS = YES;
				CLANG_WARN_EMPTY_BODY = YES;
				CLANG_WARN_ENUM_CONVERSION = YES;
				CLANG_WARN_INFINITE_RECURSION = YES;
				CLANG_WARN_INT_CONVERSION = YES;
				CLANG_WARN_NON_LITERAL_NULL_CONVERSION = YES;
				CLANG_WARN_OBJC_IMPLICIT_RETAIN_SELF = YES;
				CLANG_WARN_OBJC_LITERAL_CONVERSION = YES;
				CLANG_WARN_OBJC_ROOT_CLASS = YES_ERROR;
				CLANG_WARN_QUOTED_INCLUDE_IN_FRAMEWORK_HEADER = YES;
				CLANG_WARN_RANGE_LOOP_ANALYSIS = YES;
				CLANG_WARN_STRICT_PROTOTYPES = YES;
				CLANG_WARN_SUSPICIOUS_MOVE = YES;
				CLANG_WARN_UNGUARDED_AVAILABILITY = YES_AGGRESSIVE;
				CLANG_WARN_UNREACHABLE_CODE = YES;
				CLANG_WARN__DUPLICATE_METHOD_MATCH = YES;
				COPY_PHASE_STRIP = NO;
				DEBUG_INFORMATION_FORMAT = dwarf;
				ENABLE_STRICT_OBJC_MSGSEND = YES;
				ENABLE_TESTABILITY = YES;
				GCC_C_LANGUAGE_STANDARD = gnu11;
				GCC_DYNAMIC_NO_PIC = NO;
				GCC_NO_COMMON_BLOCKS = YES;
				GCC_OPTIMIZATION_LEVEL = 0;
				GCC_PREPROCESSOR_DEFINITIONS = (
					"DEBUG=1",
					"$(inherited)",
				);
				GCC_WARN_64_TO_32_BIT_CONVERSION = YES;
				GCC_WARN_ABOUT_RETURN_TYPE = YES_ERROR;
				GCC_WARN_UNDECLARED_SELECTOR = YES;
				GCC_WARN_UNINITIALIZED_AUTOS = YES_AGGRESSIVE;
				GCC_WARN_UNUSED_FUNCTION = YES;
				GCC_WARN_UNUSED_VARIABLE = YES;
				IPHONEOS_DEPLOYMENT_TARGET = 14.5;
				MTL_ENABLE_DEBUG_INFO = INCLUDE_SOURCE;
				MTL_FAST_MATH = YES;
				ONLY_ACTIVE_ARCH = YES;
				SDKROOT = iphoneos;
				SWIFT_ACTIVE_COMPILATION_CONDITIONS = DEBUG;
				SWIFT_OPTIMIZATION_LEVEL = "-Onone";
			};
			name = Debug;
		};
		2158FB8726D817C3008AC0A7 /* Release */ = {
			isa = XCBuildConfiguration;
			buildSettings = {
				ALWAYS_SEARCH_USER_PATHS = NO;
				CLANG_ANALYZER_NONNULL = YES;
				CLANG_ANALYZER_NUMBER_OBJECT_CONVERSION = YES_AGGRESSIVE;
				CLANG_CXX_LANGUAGE_STANDARD = "gnu++14";
				CLANG_CXX_LIBRARY = "libc++";
				CLANG_ENABLE_MODULES = YES;
				CLANG_ENABLE_OBJC_ARC = YES;
				CLANG_ENABLE_OBJC_WEAK = YES;
				CLANG_WARN_BLOCK_CAPTURE_AUTORELEASING = YES;
				CLANG_WARN_BOOL_CONVERSION = YES;
				CLANG_WARN_COMMA = YES;
				CLANG_WARN_CONSTANT_CONVERSION = YES;
				CLANG_WARN_DEPRECATED_OBJC_IMPLEMENTATIONS = YES;
				CLANG_WARN_DIRECT_OBJC_ISA_USAGE = YES_ERROR;
				CLANG_WARN_DOCUMENTATION_COMMENTS = YES;
				CLANG_WARN_EMPTY_BODY = YES;
				CLANG_WARN_ENUM_CONVERSION = YES;
				CLANG_WARN_INFINITE_RECURSION = YES;
				CLANG_WARN_INT_CONVERSION = YES;
				CLANG_WARN_NON_LITERAL_NULL_CONVERSION = YES;
				CLANG_WARN_OBJC_IMPLICIT_RETAIN_SELF = YES;
				CLANG_WARN_OBJC_LITERAL_CONVERSION = YES;
				CLANG_WARN_OBJC_ROOT_CLASS = YES_ERROR;
				CLANG_WARN_QUOTED_INCLUDE_IN_FRAMEWORK_HEADER = YES;
				CLANG_WARN_RANGE_LOOP_ANALYSIS = YES;
				CLANG_WARN_STRICT_PROTOTYPES = YES;
				CLANG_WARN_SUSPICIOUS_MOVE = YES;
				CLANG_WARN_UNGUARDED_AVAILABILITY = YES_AGGRESSIVE;
				CLANG_WARN_UNREACHABLE_CODE = YES;
				CLANG_WARN__DUPLICATE_METHOD_MATCH = YES;
				COPY_PHASE_STRIP = NO;
				DEBUG_INFORMATION_FORMAT = "dwarf-with-dsym";
				ENABLE_NS_ASSERTIONS = NO;
				ENABLE_STRICT_OBJC_MSGSEND = YES;
				GCC_C_LANGUAGE_STANDARD = gnu11;
				GCC_NO_COMMON_BLOCKS = YES;
				GCC_WARN_64_TO_32_BIT_CONVERSION = YES;
				GCC_WARN_ABOUT_RETURN_TYPE = YES_ERROR;
				GCC_WARN_UNDECLARED_SELECTOR = YES;
				GCC_WARN_UNINITIALIZED_AUTOS = YES_AGGRESSIVE;
				GCC_WARN_UNUSED_FUNCTION = YES;
				GCC_WARN_UNUSED_VARIABLE = YES;
				IPHONEOS_DEPLOYMENT_TARGET = 14.5;
				MTL_ENABLE_DEBUG_INFO = NO;
				MTL_FAST_MATH = YES;
				SDKROOT = iphoneos;
				SWIFT_COMPILATION_MODE = wholemodule;
				SWIFT_OPTIMIZATION_LEVEL = "-O";
				VALIDATE_PRODUCT = YES;
			};
			name = Release;
		};
		2158FB8926D817C3008AC0A7 /* Debug */ = {
			isa = XCBuildConfiguration;
			buildSettings = {
				ASSETCATALOG_COMPILER_APPICON_NAME = AppIcon;
				ASSETCATALOG_COMPILER_GLOBAL_ACCENT_COLOR_NAME = AccentColor;
				CODE_SIGN_STYLE = Automatic;
				DEVELOPMENT_ASSET_PATHS = "\"buttonColorChange/Preview Content\"";
				DEVELOPMENT_TEAM = DPY88VW45U;
				ENABLE_PREVIEWS = YES;
				INFOPLIST_FILE = buttonColorChange/Info.plist;
				IPHONEOS_DEPLOYMENT_TARGET = 14.0;
				LD_RUNPATH_SEARCH_PATHS = (
					"$(inherited)",
					"@executable_path/Frameworks",
				);
				PRODUCT_BUNDLE_IDENTIFIER = man.natalie.buttonColorChange;
				PRODUCT_NAME = "$(TARGET_NAME)";
				SWIFT_VERSION = 5.0;
				TARGETED_DEVICE_FAMILY = "1,2";
			};
			name = Debug;
		};
		2158FB8A26D817C3008AC0A7 /* Release */ = {
			isa = XCBuildConfiguration;
			buildSettings = {
				ASSETCATALOG_COMPILER_APPICON_NAME = AppIcon;
				ASSETCATALOG_COMPILER_GLOBAL_ACCENT_COLOR_NAME = AccentColor;
				CODE_SIGN_STYLE = Automatic;
				DEVELOPMENT_ASSET_PATHS = "\"buttonColorChange/Preview Content\"";
				DEVELOPMENT_TEAM = DPY88VW45U;
				ENABLE_PREVIEWS = YES;
				INFOPLIST_FILE = buttonColorChange/Info.plist;
				IPHONEOS_DEPLOYMENT_TARGET = 14.0;
				LD_RUNPATH_SEARCH_PATHS = (
					"$(inherited)",
					"@executable_path/Frameworks",
				);
				PRODUCT_BUNDLE_IDENTIFIER = man.natalie.buttonColorChange;
				PRODUCT_NAME = "$(TARGET_NAME)";
				SWIFT_VERSION = 5.0;
				TARGETED_DEVICE_FAMILY = "1,2";
			};
			name = Release;
		};
/* End XCBuildConfiguration section */

/* Begin XCConfigurationList section */
		2158FB7426D817C0008AC0A7 /* Build configuration list for PBXProject "buttonColorChange" */ = {
			isa = XCConfigurationList;
			buildConfigurations = (
				2158FB8626D817C3008AC0A7 /* Debug */,
				2158FB8726D817C3008AC0A7 /* Release */,
			);
			defaultConfigurationIsVisible = 0;
			defaultConfigurationName = Release;
		};
		2158FB8826D817C3008AC0A7 /* Build configuration list for PBXNativeTarget "buttonColorChange" */ = {
			isa = XCConfigurationList;
			buildConfigurations = (
				2158FB8926D817C3008AC0A7 /* Debug */,
				2158FB8A26D817C3008AC0A7 /* Release */,
			);
			defaultConfigurationIsVisible = 0;
			defaultConfigurationName = Release;
		};
/* End XCConfigurationList section */
	};
	rootObject = 2158FB7126D817C0008AC0A7 /* Project object */;
}
